
Microsoft Visual Studio Solution File, Format Version 12.00
# Visual Studio Version 16
VisualStudioVersion = 16.0.31313.79
MinimumVisualStudioVersion = 10.0.40219.1
Project("{9A19103F-16F7-4668-BE54-9A1E7A4F7556}") = "Unidom", "Unidom\Unidom.csproj", "{2124184F-A1C4-4C21-9CB3-039FCA7C41EE}"
EndProject
Project("{9A19103F-16F7-4668-BE54-9A1E7A4F7556}") = "TestProject", "TestProject1\TestProject.csproj", "{4AE18E7D-E80B-47EA-84C8-2233FAE7561C}"
EndProject
Project("{FAE04EC0-301F-11D3-BF4B-00C04F79EFBC}") = "ConsoleApp", "ConsoleApp1\ConsoleApp.csproj", "{21409988-EA08-4DD6-808F-61B246B4D4D8}"
EndProject
Global
	GlobalSection(SolutionConfigurationPlatforms) = preSolution
		Debug|Any CPU = Debug|Any CPU
		Release|Any CPU = Release|Any CPU
	EndGlobalSection
	GlobalSection(ProjectConfigurationPlatforms) = postSolution
		{2124184F-A1C4-4C21-9CB3-039FCA7C41EE}.Debug|Any CPU.ActiveCfg = Debug|Any CPU
		{2124184F-A1C4-4C21-9CB3-039FCA7C41EE}.Debug|Any CPU.Build.0 = Debug|Any CPU
		{2124184F-A1C4-4C21-9CB3-039FCA7C41EE}.Release|Any CPU.ActiveCfg = Release|Any CPU
		{2124184F-A1C4-4C21-9CB3-039FCA7C41EE}.Release|Any CPU.Build.0 = Release|Any CPU
		{4AE18E7D-E80B-47EA-84C8-2233FAE7561C}.Debug|Any CPU.ActiveCfg = Debug|Any CPU
		{4AE18E7D-E80B-47EA-84C8-2233FAE7561C}.Debug|Any CPU.Build.0 = Debug|Any CPU
		{4AE18E7D-E80B-47EA-84C8-2233FAE7561C}.Release|Any CPU.ActiveCfg = Release|Any CPU
		{4AE18E7D-E80B-47EA-84C8-2233FAE7561C}.Release|Any CPU.Build.0 = Release|Any CPU
		{21409988-EA08-4DD6-808F-61B246B4D4D8}.Debug|Any CPU.ActiveCfg = Debug|Any CPU
		{21409988-EA08-4DD6-808F-61B246B4D4D8}.Debug|Any CPU.Build.0 = Debug|Any CPU
		{21409988-EA08-4DD6-808F-61B246B4D4D8}.Release|Any CPU.ActiveCfg = Release|Any CPU
		{21409988-EA08-4DD6-808F-61B246B4D4D8}.Release|Any CPU.Build.0 = Release|Any CPU
	EndGlobalSection
	GlobalSection(SolutionProperties) = preSolution
		HideSolutionNode = FALSE
	EndGlobalSection
	GlobalSection(ExtensibilityGlobals) = postSolution
		SolutionGuid = {87D728A5-0CF5-485E-9F5E-AC88F050B35A}
	EndGlobalSection
EndGlobal
